{
  "version": "5",
  "specifiers": {
    "jsr:@std/assert@^1.0.19": "1.0.19",
    "jsr:@std/expect@*": "1.0.18",
    "jsr:@std/fs@^1.0.24": "1.0.24",
    "jsr:@std/internal@^1.0.12": "1.0.14",
    "jsr:@std/internal@^1.0.14": "1.0.14",
    "jsr:@std/path@^1.1.4": "1.1.4",
    "jsr:@std/path@^1.1.5": "1.1.6",
    "jsr:@std/streams@^1.0.17": "1.1.0",
    "jsr:@std/tar@~0.1.10": "0.1.10",
    "npm:@conventional-commits/parser@~0.4.1": "0.4.1",
    "npm:@date-fns/tz@^1.4.1": "1.4.1",
    "npm:currency.js@^2.0.4": "2.0.4",
    "npm:date-fns@^4.1.0": "4.1.0",
    "npm:typescript@6.0.3": "6.0.3",
    "npm:zod@*": "4.3.6",
    "npm:zod@4.3.6": "4.3.6",
    "npm:zod@^4.3.6": "4.3.6"
  },
  "jsr": {
    "@std/assert@1.0.19": {
      "integrity": "eaada96ee120cb980bc47e040f82814d786fe8162ecc53c91d8df60b8755991e",
      "dependencies": [
        "jsr:@std/internal@^1.0.12"
      ]
    },
    "@std/expect@1.0.18": {
      "integrity": "8566eab35200466f8609eb7e7aed062ed0db314e9a258d5d201b1b8997ce801a",
      "dependencies": [
        "jsr:@std/assert",
        "jsr:@std/internal@^1.0.12",
        "jsr:@std/path@^1.1.4"
      ]
    },
    "@std/fs@1.0.24": {
      "integrity": "f3061b45b81673a2bece689da041df32d174be064c89eb6397fb5718d3fb7877",
      "dependencies": [
        "jsr:@std/internal@^1.0.14",
        "jsr:@std/path@^1.1.5"
      ]
    },
    "@std/internal@1.0.12": {
      "integrity": "972a634fd5bc34b242024402972cd5143eac68d8dffaca5eaa4dba30ce17b027"
    },
    "@std/internal@1.0.14": {
      "integrity": "291516b3d4c35024d6ffbc0a9df5bf4c64116e05b50012cf846710152d2ffdf7"
    },
    "@std/path@1.1.4": {
      "integrity": "1d2d43f39efb1b42f0b1882a25486647cb851481862dc7313390b2bb044314b5",
      "dependencies": [
        "jsr:@std/internal@^1.0.12"
      ]
    },
    "@std/path@1.1.6": {
      "integrity": "c68485c2a4dfbb5ae3cc74fae4e8c4e5d874cf8a8ed12927917235c758b46cbe",
      "dependencies": [
        "jsr:@std/internal@^1.0.14"
      ]
    },
    "@std/streams@1.1.0": {
      "integrity": "2f7024d841f343fd478afe0c958a3f0f068ef2a0d2bcc954f550f97ac1fa22e3"
    },
    "@std/tar@0.1.10": {
      "integrity": "6bf907f3a4bc8bfef42973ba132d946756a6161ef6b914a9e1c06debe664db17",
      "dependencies": [
        "jsr:@std/streams"
      ]
    }
  },
  "npm": {
    "@conventional-commits/parser@0.4.1": {
      "integrity": "sha512-H2ZmUVt6q+KBccXfMBhbBF14NlANeqHTXL4qCL6QGbMzrc4HDXyzWuxPxPNbz71f/5UkR5DrycP5VO9u7crahg==",
      "dependencies": [
        "unist-util-visit",
        "unist-util-visit-parents"
      ]
    },
    "@date-fns/tz@1.4.1": {
      "integrity": "sha512-P5LUNhtbj6YfI3iJjw5EL9eUAG6OitD0W3fWQcpQjDRc/QIsL0tRNuO1PcDvPccWL1fSTXXdE1ds+l95DV/OFA=="
    },
    "@types/unist@2.0.11": {
      "integrity": "sha512-CmBKiL6NNo/OqgmMn95Fk9Whlp2mtvIv+KNpQKN2F4SjvrEesubTRWGYSg+BnWZOnlCaSTU1sMpsBOzgbYhnsA=="
    },
    "currency.js@2.0.4": {
      "integrity": "sha512-6/OplJYgJ0RUlli74d93HJ/OsKVBi8lB1+Z6eJYS1YZzBuIp4qKKHpJ7ad+GvTlWmLR/hLJOWTykN5Nm8NJ7+w=="
    },
    "date-fns@4.1.0": {
      "integrity": "sha512-Ukq0owbQXxa/U3EGtsdVBkR1w7KOQ5gIBqdH2hkvknzZPYvBxb/aa6E8L7tmjFtkwZBu3UXBbjIgPo/Ez4xaNg=="
    },
    "typescript@6.0.3": {
      "integrity": "sha512-y2TvuxSZPDyQakkFRPZHKFm+KKVqIisdg9/CZwm9ftvKXLP8NRWj38/ODjNbr43SsoXqNuAisEf1GdCxqWcdBw==",
      "bin": true
    },
    "unist-util-is@4.1.0": {
      "integrity": "sha512-ZOQSsnce92GrxSqlnEEseX0gi7GH9zTJZ0p9dtu87WRb/37mMPO2Ilx1s/t9vBHrFhbgweUwb+t7cIn5dxPhZg=="
    },
    "unist-util-visit-parents@3.1.1": {
      "integrity": "sha512-1KROIZWo6bcMrZEwiH2UrXDyalAa0uqzWCxCJj6lPOvTve2WkfgCytoDTPaMnodXh1WrXOq0haVYHj99ynJlsg==",
      "dependencies": [
        "@types/unist",
        "unist-util-is"
      ]
    },
    "unist-util-visit@2.0.3": {
      "integrity": "sha512-iJ4/RczbJMkD0712mGktuGpm/U4By4FfDonL7N/9tATGIF4imikjOuagyMY53tnZq3NP6BcmlrHhEKAfGWjh7Q==",
      "dependencies": [
        "@types/unist",
        "unist-util-is",
        "unist-util-visit-parents"
      ]
    },
    "zod@4.3.6": {
      "integrity": "sha512-rftlrkhHZOcjDwkGlnUtZZkvaPHCsDATp4pGpuOOMDaTdDDXF91wuVDJoWoPsKX/3YPQ5fHuF3STjcYyKr+Qhg=="
    }
  },
  "workspace": {
    "dependencies": [
      "jsr:@std/assert@^1.0.19",
      "jsr:@std/fs@^1.0.24",
      "jsr:@std/tar@~0.1.10",
      "npm:@conventional-commits/parser@~0.4.1",
      "npm:@date-fns/tz@^1.4.1",
      "npm:currency.js@^2.0.4",
      "npm:date-fns@^4.1.0",
      "npm:typescript@6.0.3",
      "npm:zod@^4.3.6"
    ]
  }
}
